
Microsoft Visual Studio Solution File, Format Version 12.00
# Visual Studio Version 16
VisualStudioVersion = 16.0.30204.135
MinimumVisualStudioVersion = 10.0.40219.1
Project("{FAE04EC0-301F-11D3-BF4B-00C04F79EFBC}") = "BuildQueueMonitoring", "BuildQueueMonitoring.csproj", "{13C60104-5E91-4CAB-93A7-F518306176C8}"
EndProject
Global
	GlobalSection(SolutionConfigurationPlatforms) = preSolution
		Debug|Any CPU = Debug|Any CPU
		Release|Any CPU = Release|Any CPU
	EndGlobalSection
	GlobalSection(ProjectConfigurationPlatforms) = postSolution
		{13C60104-5E91-4CAB-93A7-F518306176C8}.Debug|Any CPU.ActiveCfg = Debug|Any CPU
		{13C60104-5E91-4CAB-93A7-F518306176C8}.Debug|Any CPU.Build.0 = Debug|Any CPU
		{13C60104-5E91-4CAB-93A7-F518306176C8}.Release|Any CPU.ActiveCfg = Release|Any CPU
		{13C60104-5E91-4CAB-93A7-F518306176C8}.Release|Any CPU.Build.0 = Release|Any CPU
	EndGlobalSection
	GlobalSection(SolutionProperties) = preSolution
		HideSolutionNode = FALSE
	EndGlobalSection
	GlobalSection(ExtensibilityGlobals) = postSolution
		SolutionGuid = {D6C1992C-FD8C-4371-B274-B63617F8A3E7}
	EndGlobalSection
EndGlobal
